{"is_source_file": true, "file_id": 18, "git_revision": "d2dc6cc332571e98bc5ffe99a1cb10cc5feae7c4", "state": 1, "description": "", "external_files": [], "external_methods": [], "published": [], "classes": [], "methods": [], "calls": [], "search-terms": [], "hash": "e9b4c3b42cef0193b7fddb548d37e652", "format-version": 4, "code-base-name": "default", "filename": "slidev_guide/post_process_status.lock", "knowledge_revision": 36}